{
  "requires": true,
  "lockfileVersion": 1,
  "dependencies": {
    "is-any-array": {
      "version": "0.0.3",
      "resolved": "https://registry.npmjs.org/is-any-array/-/is-any-array-0.0.3.tgz",
      "integrity": "sha512-Lr5SRykZv6uuYMZURz7+YpigT1ziTBHOTgFJ1zK7gL+9Wbet5Ha1ws6S84Jo/lH4zep02b95sk6o4+MTk97mPQ=="
    },
    "ml-regression-base": {
      "version": "2.1.1",
      "resolved": "https://registry.npmjs.org/ml-regression-base/-/ml-regression-base-2.1.1.tgz",
      "integrity": "sha512-Jq2bDfinbPmc0i3+1UN7kK/nneXkAHhBRA9zjv1Kbdxwlskr5TbRPmtqigDnFFQvMXeWQ17oJH9mmnLSe6wUfg==",
      "requires": {
        "is-any-array": "0.0.3"
      }
    },
    "ml-regression-simple-linear": {
      "version": "2.0.2",
      "resolved": "https://registry.npmjs.org/ml-regression-simple-linear/-/ml-regression-simple-linear-2.0.2.tgz",
      "integrity": "sha512-FTsCPNXLGEtdXuR4GRfzWXyRkmHohKdNdLLX07Q3aeJAmTu1hlq2JW7EexumNqSFweoWYq1GAz2TPaRntCfCig==",
      "requires": {
        "ml-regression-base": "^2.0.1"
      }
    }
  }
}
